
Microsoft Visual Studio Solution File, Format Version 12.00
# Visual Studio Version 17
VisualStudioVersion = 17.0.31903.59
MinimumVisualStudioVersion = 10.0.40219.1
Project("{FAE04EC0-301F-11D3-BF4B-00C04F79EFBC}") = "Authentication.API", "Authorization.API\Authentication.API.csproj", "{A3A5A262-5BC5-42DC-AAEE-25DD797012CC}"
EndProject
Project("{FAE04EC0-301F-11D3-BF4B-00C04F79EFBC}") = "Authentication.Dal", "Authentication.Dal\Authentication.Dal.csproj", "{8BFEF34A-2C5E-48A1-B5B6-5AB635A14F2A}"
EndProject
Project("{FAE04EC0-301F-11D3-BF4B-00C04F79EFBC}") = "Authorization.Domain", "Authorization.Domain\Authorization.Domain.csproj", "{12AB381E-BF04-426B-9ABC-BE1B2F568710}"
EndProject
Global
	GlobalSection(SolutionConfigurationPlatforms) = preSolution
		Debug|Any CPU = Debug|Any CPU
		Release|Any CPU = Release|Any CPU
	EndGlobalSection
	GlobalSection(ProjectConfigurationPlatforms) = postSolution
		{A3A5A262-5BC5-42DC-AAEE-25DD797012CC}.Debug|Any CPU.ActiveCfg = Debug|Any CPU
		{A3A5A262-5BC5-42DC-AAEE-25DD797012CC}.Debug|Any CPU.Build.0 = Debug|Any CPU
		{A3A5A262-5BC5-42DC-AAEE-25DD797012CC}.Release|Any CPU.ActiveCfg = Release|Any CPU
		{A3A5A262-5BC5-42DC-AAEE-25DD797012CC}.Release|Any CPU.Build.0 = Release|Any CPU
		{8BFEF34A-2C5E-48A1-B5B6-5AB635A14F2A}.Debug|Any CPU.ActiveCfg = Debug|Any CPU
		{8BFEF34A-2C5E-48A1-B5B6-5AB635A14F2A}.Debug|Any CPU.Build.0 = Debug|Any CPU
		{8BFEF34A-2C5E-48A1-B5B6-5AB635A14F2A}.Release|Any CPU.ActiveCfg = Release|Any CPU
		{8BFEF34A-2C5E-48A1-B5B6-5AB635A14F2A}.Release|Any CPU.Build.0 = Release|Any CPU
		{12AB381E-BF04-426B-9ABC-BE1B2F568710}.Debug|Any CPU.ActiveCfg = Debug|Any CPU
		{12AB381E-BF04-426B-9ABC-BE1B2F568710}.Debug|Any CPU.Build.0 = Debug|Any CPU
		{12AB381E-BF04-426B-9ABC-BE1B2F568710}.Release|Any CPU.ActiveCfg = Release|Any CPU
		{12AB381E-BF04-426B-9ABC-BE1B2F568710}.Release|Any CPU.Build.0 = Release|Any CPU
	EndGlobalSection
	GlobalSection(SolutionProperties) = preSolution
		HideSolutionNode = FALSE
	EndGlobalSection
	GlobalSection(ExtensibilityGlobals) = postSolution
		SolutionGuid = {DC54ADD6-1F7B-4530-82D0-E21D39812265}
	EndGlobalSection
EndGlobal
